{
  "name": "ruminate",
  "version": "0.0.1",
  "lockfileVersion": 2,
  "requires": true,
  "packages": {
    "": {
      "name": "ruminate",
      "version": "0.0.1",
      "license": "MIT",
      "dependencies": {
        "@codemirror/lang-cpp": "^0.19.1",
        "@codemirror/lang-markdown": "^0.19.6",
        "@codemirror/lang-python": "^0.19.4",
        "hctoolkit": "^0.0.15"
      },
      "bin": {
        "graze": "source/graze/graze.js"
      }
    },
    "../lib_hydrocarbon_tk/packages/core/hc_root": {
      "name": "hctoolkit",
      "version": "0.0.14",
      "extraneous": true,
      "license": "GPL-3.0+",
      "dependencies": {
        "@candlelib/log": "*",
        "@candlelib/paraffin": "*",
        "@candlelib/uri": "*",
        "@hctoolkit/asytrip": "*",
        "@hctoolkit/bytecode": "*",
        "@hctoolkit/common": "*",
        "@hctoolkit/grammar": "*",
        "@hctoolkit/tools": "*"
      },
      "bin": {
        "hc": "bin/index.js"
      },
      "devDependencies": {
        "@candlelib/cure": "*",
        "@types/node": "^16.4.13"
      }
    },
    "node_modules/@candlelib/conflagrate": {
      "version": "0.5.8",
      "resolved": "http://192.168.18.12:49155/@candlelib%2fconflagrate/-/conflagrate-0.5.8.tgz",
      "integrity": "sha512-nR15LiXpat5IYo+wVkhs+7yuiPOsLLv0qRBl8f9iNDrl1PH22kOOCMvapga94xdkZubd+B2luWKEqB8tf18QyA==",
      "license": "MIT",
      "dependencies": {
        "@candlelib/hydrocarbon": "0.15.4",
        "@candlelib/log": "0.3.0",
        "@candlelib/uri": "0.3.2",
        "@candlelib/wind": "0.5.4"
      }
    },
    "node_modules/@candlelib/conflagrate/node_modules/@candlelib/log": {
      "version": "0.3.0",
      "resolved": "http://192.168.18.12:49155/@candlelib%2flog/-/log-0.3.0.tgz",
      "integrity": "sha512-O9FOPQdO13WC2Y9GuGPFxFNA2KMnOMyeZ9g9vb2HhQsHRMCBsVh78ZCU3MxRtMlpi+Rcizaf/NWub1JgRnLkAQ=="
    },
    "node_modules/@candlelib/conflagrate/node_modules/@candlelib/uri": {
      "version": "0.3.2",
      "resolved": "http://192.168.18.12:49155/@candlelib%2furi/-/uri-0.3.2.tgz",
      "integrity": "sha512-f9bu/LblDJ+mBIUwH6ersw2u7ff97smN5wCHBryXZLpKNwgkzveUbVTD+6gsXonhX+84Yf/mSe3ews6gr7nAYQ==",
      "license": "MIT"
    },
    "node_modules/@candlelib/hydrocarbon": {
      "version": "0.15.4",
      "resolved": "http://192.168.18.12:49155/@candlelib%2fhydrocarbon/-/hydrocarbon-0.15.4.tgz",
      "integrity": "sha512-fJGCBtPqHpH4nX387QHX/PsWcxofpTR5pbAB418bdF+zWlZieEoMSrrfxPePo+Lx8hF0Q3VfLMb5JSwSvgeebg==",
      "license": "GPL-3.0+",
      "dependencies": {
        "@candlelib/conflagrate": "0.5.8",
        "@candlelib/js": "0.5.24",
        "@candlelib/log": "0.3.0",
        "@candlelib/paraffin": "0.1.24",
        "@candlelib/uri": "0.3.2",
        "@candlelib/wind": "0.5.4"
      }
    },
    "node_modules/@candlelib/hydrocarbon/node_modules/@candlelib/log": {
      "version": "0.3.0",
      "resolved": "http://192.168.18.12:49155/@candlelib%2flog/-/log-0.3.0.tgz",
      "integrity": "sha512-O9FOPQdO13WC2Y9GuGPFxFNA2KMnOMyeZ9g9vb2HhQsHRMCBsVh78ZCU3MxRtMlpi+Rcizaf/NWub1JgRnLkAQ=="
    },
    "node_modules/@candlelib/hydrocarbon/node_modules/@candlelib/paraffin": {
      "version": "0.1.24",
      "resolved": "http://192.168.18.12:49155/@candlelib%2fparaffin/-/paraffin-0.1.24.tgz",
      "integrity": "sha512-Cgkiv9sBLBOp7cvCK5nqiyLYi4W1IRGu2GnPUpfgFOqlVDgZnYH6gDplt+amAr14HOYix28IljQTJ76xqFupHw==",
      "license": "MIT",
      "dependencies": {
        "@candlelib/hydrocarbon": "0.15.4",
        "@candlelib/log": "0.3.0",
        "@candlelib/uri": "0.3.2"
      },
      "engines": {
        "node": ">=14"
      }
    },
    "node_modules/@candlelib/hydrocarbon/node_modules/@candlelib/uri": {
      "version": "0.3.2",
      "resolved": "http://192.168.18.12:49155/@candlelib%2furi/-/uri-0.3.2.tgz",
      "integrity": "sha512-f9bu/LblDJ+mBIUwH6ersw2u7ff97smN5wCHBryXZLpKNwgkzveUbVTD+6gsXonhX+84Yf/mSe3ews6gr7nAYQ==",
      "license": "MIT"
    },
    "node_modules/@candlelib/js": {
      "version": "0.5.24",
      "resolved": "http://192.168.18.12:49155/@candlelib%2fjs/-/js-0.5.24.tgz",
      "integrity": "sha512-qLd4GbmDlaTIKORrLfbFncd5kGrKuAHGFoU13n/mPSkRgBn3NfWkqTGISc3eVxckNIP1oxv4s8SDP5+YGZ/n9g==",
      "license": "MIT",
      "dependencies": {
        "@candlelib/conflagrate": "0.5.8",
        "@candlelib/hydrocarbon": "0.15.4",
        "@candlelib/uri": "0.3.2",
        "@candlelib/wind": "0.5.4"
      }
    },
    "node_modules/@candlelib/js/node_modules/@candlelib/uri": {
      "version": "0.3.2",
      "resolved": "http://192.168.18.12:49155/@candlelib%2furi/-/uri-0.3.2.tgz",
      "integrity": "sha512-f9bu/LblDJ+mBIUwH6ersw2u7ff97smN5wCHBryXZLpKNwgkzveUbVTD+6gsXonhX+84Yf/mSe3ews6gr7nAYQ==",
      "license": "MIT"
    },
    "node_modules/@candlelib/log": {
      "version": "0.3.5",
      "resolved": "http://192.168.18.12:49155/@candlelib%2flog/-/log-0.3.5.tgz",
      "integrity": "sha512-hGrwCjo3fIqQorMVLLnVM0qJCWNEuVQjZnQKH/vBge/2hzcqnupcAEwTJZDoURhTYi+M9ZD3YvwDyNkuqTZwzA=="
    },
    "node_modules/@candlelib/paraffin": {
      "version": "0.1.29",
      "resolved": "http://192.168.18.12:49155/@candlelib%2fparaffin/-/paraffin-0.1.29.tgz",
      "integrity": "sha512-oUEN/pucVxF1Gx1K/3ZtBEyW37OdNcqIUZGxYcHbpCZSP3T+dCzFbzh7TAImuu4huZCpzTcnzA+DNDvpdeDrzw==",
      "dependencies": {
        "@candlelib/hydrocarbon": "*",
        "@candlelib/log": "0.3.5",
        "@candlelib/uri": "0.3.7"
      },
      "engines": {
        "node": ">=14"
      }
    },
    "node_modules/@candlelib/spark": {
      "version": "0.3.10",
      "resolved": "http://192.168.18.12:49155/@candlelib%2fspark/-/spark-0.3.10.tgz",
      "integrity": "sha512-snt+JcRKqBs8srivPZlYtNGO8NzM0lgWCR/oojypL2+dW2Awb5NBybONz10qOdXkV+3LhoeF62MsSx4jbbsMWQ=="
    },
    "node_modules/@candlelib/uri": {
      "version": "0.3.7",
      "resolved": "http://192.168.18.12:49155/@candlelib%2furi/-/uri-0.3.7.tgz",
      "integrity": "sha512-wQ2a4wmLhf2euEFfvczawDaBFX+DJaaUWFeBBLdj+8XuYtkjHO6vhZPi60xXYEAWqv9/1aMtuOFTizBSQCTQyA=="
    },
    "node_modules/@candlelib/wind": {
      "version": "0.5.4",
      "resolved": "http://192.168.18.12:49155/@candlelib%2fwind/-/wind-0.5.4.tgz",
      "integrity": "sha512-dLFmWIVWM715sFefBKOs5Vc9sz3MzgVWHkXzwjVP2VtgGQxG8a+nfOS1J0IfoL0l9bFbKntKXc9j79NPepwCaw=="
    },
    "node_modules/@codemirror/autocomplete": {
      "version": "0.19.14",
      "resolved": "https://registry.npmjs.org/@codemirror/autocomplete/-/autocomplete-0.19.14.tgz",
      "integrity": "sha512-4PqJG7GGTePc+FQF387RFebDV4ERvKj23gQBmzNtu64ZSHlYEGulwP5EIIfulBiaWEmei9TYVaMFmTdNfofpRQ==",
      "dependencies": {
        "@codemirror/language": "^0.19.0",
        "@codemirror/state": "^0.19.4",
        "@codemirror/text": "^0.19.2",
        "@codemirror/tooltip": "^0.19.12",
        "@codemirror/view": "^0.19.0",
        "@lezer/common": "^0.15.0"
      }
    },
    "node_modules/@codemirror/gutter": {
      "version": "0.19.9",
      "resolved": "https://registry.npmjs.org/@codemirror/gutter/-/gutter-0.19.9.tgz",
      "integrity": "sha512-PFrtmilahin1g6uL27aG5tM/rqR9DZzZYZsIrCXA5Uc2OFTFqx4owuhoU9hqfYxHp5ovfvBwQ+txFzqS4vog6Q==",
      "dependencies": {
        "@codemirror/rangeset": "^0.19.0",
        "@codemirror/state": "^0.19.0",
        "@codemirror/view": "^0.19.23"
      }
    },
    "node_modules/@codemirror/highlight": {
      "version": "0.19.7",
      "resolved": "https://registry.npmjs.org/@codemirror/highlight/-/highlight-0.19.7.tgz",
      "integrity": "sha512-3W32hBCY0pbbv/xidismw+RDMKuIag+fo4kZIbD7WoRj+Ttcaxjf+vP6RttRHXLaaqbWh031lTeON8kMlDhMYw==",
      "dependencies": {
        "@codemirror/language": "^0.19.0",
        "@codemirror/rangeset": "^0.19.0",
        "@codemirror/state": "^0.19.3",
        "@codemirror/view": "^0.19.0",
        "@lezer/common": "^0.15.0",
        "style-mod": "^4.0.0"
      }
    },
    "node_modules/@codemirror/lang-cpp": {
      "version": "0.19.1",
      "resolved": "https://registry.npmjs.org/@codemirror/lang-cpp/-/lang-cpp-0.19.1.tgz",
      "integrity": "sha512-BGvZkfcqcalAwxocuE9DhH6gqflm5IjL/8mGTzc8bHzeP1N4innK8qo2G69ohEML4LDZv4WyXc3y4C9/zsGCGQ==",
      "dependencies": {
        "@codemirror/highlight": "^0.19.0",
        "@codemirror/language": "^0.19.0",
        "@lezer/cpp": "^0.15.0"
      }
    },
    "node_modules/@codemirror/lang-css": {
      "version": "0.19.3",
      "resolved": "https://registry.npmjs.org/@codemirror/lang-css/-/lang-css-0.19.3.tgz",
      "integrity": "sha512-tyCUJR42/UlfOPLb94/p7dN+IPsYSIzHbAHP2KQHANj0I+Orqp+IyIOS++M8TuCX4zkWh9dvi8s92yy/Tn8Ifg==",
      "dependencies": {
        "@codemirror/autocomplete": "^0.19.0",
        "@codemirror/highlight": "^0.19.6",
        "@codemirror/language": "^0.19.0",
        "@codemirror/state": "^0.19.0",
        "@lezer/css": "^0.15.2"
      }
    },
    "node_modules/@codemirror/lang-html": {
      "version": "0.19.4",
      "resolved": "https://registry.npmjs.org/@codemirror/lang-html/-/lang-html-0.19.4.tgz",
      "integrity": "sha512-GpiEikNuCBeFnS+/TJSeanwqaOfNm8Kkp9WpVNEPZCLyW1mAMCuFJu/3xlWYeWc778Hc3vJqGn3bn+cLNubgCA==",
      "dependencies": {
        "@codemirror/autocomplete": "^0.19.0",
        "@codemirror/highlight": "^0.19.6",
        "@codemirror/lang-css": "^0.19.0",
        "@codemirror/lang-javascript": "^0.19.0",
        "@codemirror/language": "^0.19.0",
        "@codemirror/state": "^0.19.0",
        "@lezer/common": "^0.15.0",
        "@lezer/html": "^0.15.0"
      }
    },
    "node_modules/@codemirror/lang-javascript": {
      "version": "0.19.7",
      "resolved": "https://registry.npmjs.org/@codemirror/lang-javascript/-/lang-javascript-0.19.7.tgz",
      "integrity": "sha512-DL9f3JLqOEHH9cIwEqqjnP5bkjdVXeECksLtV+/MbPm+l4H+AG+PkwZaJQ2oR1GfPZKh8MVSIE94aGWNkJP8WQ==",
      "dependencies": {
        "@codemirror/autocomplete": "^0.19.0",
        "@codemirror/highlight": "^0.19.7",
        "@codemirror/language": "^0.19.0",
        "@codemirror/lint": "^0.19.0",
        "@codemirror/state": "^0.19.0",
        "@codemirror/view": "^0.19.0",
        "@lezer/javascript": "^0.15.1"
      }
    },
    "node_modules/@codemirror/lang-markdown": {
      "version": "0.19.6",
      "resolved": "https://registry.npmjs.org/@codemirror/lang-markdown/-/lang-markdown-0.19.6.tgz",
      "integrity": "sha512-ojoHeLgv1Rfu0GNGsU0bCtXAIp5dy4VKjndHScITQdlCkS/+SAIfuoeowEx+nMAQwTxI+/9fQZ3xdZVznGFYug==",
      "dependencies": {
        "@codemirror/highlight": "^0.19.0",
        "@codemirror/lang-html": "^0.19.0",
        "@codemirror/language": "^0.19.0",
        "@codemirror/state": "^0.19.3",
        "@codemirror/view": "^0.19.0",
        "@lezer/common": "^0.15.0",
        "@lezer/markdown": "^0.15.0"
      }
    },
    "node_modules/@codemirror/lang-python": {
      "version": "0.19.4",
      "resolved": "https://registry.npmjs.org/@codemirror/lang-python/-/lang-python-0.19.4.tgz",
      "integrity": "sha512-eSH1JXbf0D30y+f3nWy/+bTLAIV8RmcQbbVD8DsBxkxOHMVKcILgxFRHCovba8YEMtmq45I1DoWcNt1CeKnrYQ==",
      "dependencies": {
        "@codemirror/highlight": "^0.19.7",
        "@codemirror/language": "^0.19.0",
        "@lezer/python": "^0.15.0"
      }
    },
    "node_modules/@codemirror/language": {
      "version": "0.19.8",
      "resolved": "https://registry.npmjs.org/@codemirror/language/-/language-0.19.8.tgz",
      "integrity": "sha512-KhRne8qmzSKkaw+qhkwgNsPKxmThlyeJ3umfc33B9kJzVP7xhTkwX2MEPl0almM3brxMi+lPYx7gCPOy1gHsWw==",
      "dependencies": {
        "@codemirror/state": "^0.19.0",
        "@codemirror/text": "^0.19.0",
        "@codemirror/view": "^0.19.0",
        "@lezer/common": "^0.15.5",
        "@lezer/lr": "^0.15.0"
      }
    },
    "node_modules/@codemirror/lint": {
      "version": "0.19.6",
      "resolved": "https://registry.npmjs.org/@codemirror/lint/-/lint-0.19.6.tgz",
      "integrity": "sha512-Pbw1Y5kHVs2J+itQ0uez3dI4qY9ApYVap7eNfV81x1/3/BXgBkKfadaw0gqJ4h4FDG7OnJwb0VbPsjJQllHjaA==",
      "dependencies": {
        "@codemirror/gutter": "^0.19.4",
        "@codemirror/panel": "^0.19.0",
        "@codemirror/rangeset": "^0.19.1",
        "@codemirror/state": "^0.19.4",
        "@codemirror/tooltip": "^0.19.16",
        "@codemirror/view": "^0.19.22",
        "crelt": "^1.0.5"
      }
    },
    "node_modules/@codemirror/panel": {
      "version": "0.19.1",
      "resolved": "https://registry.npmjs.org/@codemirror/panel/-/panel-0.19.1.tgz",
      "integrity": "sha512-sYeOCMA3KRYxZYJYn5PNlt9yNsjy3zTNTrbYSfVgjgL9QomIVgOJWPO5hZ2sTN8lufO6lw0vTBsIPL9MSidmBg==",
      "dependencies": {
        "@codemirror/state": "^0.19.0",
        "@codemirror/view": "^0.19.0"
      }
    },
    "node_modules/@codemirror/rangeset": {
      "version": "0.19.9",
      "resolved": "https://registry.npmjs.org/@codemirror/rangeset/-/rangeset-0.19.9.tgz",
      "integrity": "sha512-V8YUuOvK+ew87Xem+71nKcqu1SXd5QROMRLMS/ljT5/3MCxtgrRie1Cvild0G/Z2f1fpWxzX78V0U4jjXBorBQ==",
      "dependencies": {
        "@codemirror/state": "^0.19.0"
      }
    },
    "node_modules/@codemirror/state": {
      "version": "0.19.9",
      "resolved": "https://registry.npmjs.org/@codemirror/state/-/state-0.19.9.tgz",
      "integrity": "sha512-psOzDolKTZkx4CgUqhBQ8T8gBc0xN5z4gzed109aF6x7D7umpDRoimacI/O6d9UGuyl4eYuDCZmDFr2Rq7aGOw==",
      "dependencies": {
        "@codemirror/text": "^0.19.0"
      }
    },
    "node_modules/@codemirror/text": {
      "version": "0.19.6",
      "resolved": "https://registry.npmjs.org/@codemirror/text/-/text-0.19.6.tgz",
      "integrity": "sha512-T9jnREMIygx+TPC1bOuepz18maGq/92q2a+n4qTqObKwvNMg+8cMTslb8yxeEDEq7S3kpgGWxgO1UWbQRij0dA=="
    },
    "node_modules/@codemirror/tooltip": {
      "version": "0.19.16",
      "resolved": "https://registry.npmjs.org/@codemirror/tooltip/-/tooltip-0.19.16.tgz",
      "integrity": "sha512-zxKDHryUV5/RS45AQL+wOeN+i7/l81wK56OMnUPoTSzCWNITfxHn7BToDsjtrRKbzHqUxKYmBnn/4hPjpZ4WJQ==",
      "dependencies": {
        "@codemirror/state": "^0.19.0",
        "@codemirror/view": "^0.19.0"
      }
    },
    "node_modules/@codemirror/view": {
      "version": "0.19.47",
      "resolved": "https://registry.npmjs.org/@codemirror/view/-/view-0.19.47.tgz",
      "integrity": "sha512-SfbagKvJQl5dtt+9wYpo9sa3ZkMgUxTq+/hXDf0KVwIx+zu3cJIqfEm9xSx6yXkq7it7RsPGHaPasApNffF/8g==",
      "dependencies": {
        "@codemirror/rangeset": "^0.19.5",
        "@codemirror/state": "^0.19.3",
        "@codemirror/text": "^0.19.0",
        "style-mod": "^4.0.0",
        "w3c-keyname": "^2.2.4"
      }
    },
    "node_modules/@hctoolkit/asytrip": {
      "version": "0.0.9",
      "resolved": "http://192.168.18.12:49155/@hctoolkit%2fasytrip/-/asytrip-0.0.9.tgz",
      "integrity": "sha512-ms/Kxd/LsZDp//cmEMNOqM97B4Lts3GKG83blgEuL5dTxLZVDfjO8rWyqTL5z6s5hCU5f0LjvQkOgE9qKNCUjg==",
      "dependencies": {
        "@candlelib/log": "*",
        "@candlelib/paraffin": "*",
        "@candlelib/uri": "*",
        "@hctoolkit/common": "0.1.2",
        "@hctoolkit/grammar": "0.0.7"
      },
      "bin": {
        "hc-ast": "bin/index.js"
      }
    },
    "node_modules/@hctoolkit/bytecode": {
      "version": "0.0.10",
      "resolved": "http://192.168.18.12:49155/@hctoolkit%2fbytecode/-/bytecode-0.0.10.tgz",
      "integrity": "sha512-giMBJh7fzuZNsrSmLYyJ4T9/QyKnngUTdtpSj1MM+g1lE414/Qv/mkGnONANIU+bHGiaJJqwRMpaVWZ52PIk1Q==",
      "dependencies": {
        "@candlelib/log": "*",
        "@candlelib/paraffin": "*",
        "@candlelib/spark": "*",
        "@candlelib/uri": "*",
        "@hctoolkit/common": "0.1.2"
      },
      "bin": {
        "hc-byte": "bin/index.js"
      }
    },
    "node_modules/@hctoolkit/common": {
      "version": "0.1.2",
      "resolved": "http://192.168.18.12:49155/@hctoolkit%2fcommon/-/common-0.1.2.tgz",
      "integrity": "sha512-v4KJdQc44F13IVE5ko8F/o5pA/GL7Kbp4RYiho1N8nw30LBj1X2zyCmBcqavQkPEZ87B5HjXDskmPPC22l2sSQ==",
      "license": "GPL-3.0+",
      "dependencies": {
        "@candlelib/log": "*",
        "@candlelib/uri": "*"
      }
    },
    "node_modules/@hctoolkit/grammar": {
      "version": "0.0.7",
      "resolved": "http://192.168.18.12:49155/@hctoolkit%2fgrammar/-/grammar-0.0.7.tgz",
      "integrity": "sha512-uH2Xu8NLPjwWyn8Fic2WDPjW1dEr4HsAsYhpIoR++45THPOTf7m5VxAkZBA9AeZ4dMkqlg7eo8+RtDlrByl5Hg==",
      "license": "GPL-3.0+",
      "dependencies": {
        "@candlelib/hydrocarbon": "*",
        "@candlelib/log": "*",
        "@candlelib/paraffin": "*",
        "@candlelib/uri": "*",
        "@hctoolkit/common": "0.1.2"
      },
      "bin": {
        "hc-grammar": "bin/index.js"
      }
    },
    "node_modules/@hctoolkit/tools": {
      "version": "0.0.7",
      "resolved": "http://192.168.18.12:49155/@hctoolkit%2ftools/-/tools-0.0.7.tgz",
      "integrity": "sha512-VX6wQYRpy3noM/3cHFi3nJf2EcPdsfnSP1ha5pzKzut5a75YdOvx1k22sGQN0xUuoVuF/Vb1y3YfWeFFe71vIQ==",
      "dependencies": {
        "@candlelib/log": "*",
        "@candlelib/paraffin": "*",
        "@candlelib/uri": "*",
        "@hctoolkit/common": "0.1.2"
      },
      "bin": {
        "hc-tools": "bin/index.js"
      }
    },
    "node_modules/@lezer/common": {
      "version": "0.15.11",
      "resolved": "https://registry.npmjs.org/@lezer/common/-/common-0.15.11.tgz",
      "integrity": "sha512-vv0nSdIaVCRcJ8rPuDdsrNVfBOYe/4Szr/LhF929XyDmBndLDuWiCCHooGlGlJfzELyO608AyDhVsuX/ZG36NA=="
    },
    "node_modules/@lezer/cpp": {
      "version": "0.15.2",
      "resolved": "https://registry.npmjs.org/@lezer/cpp/-/cpp-0.15.2.tgz",
      "integrity": "sha512-4Ve5LIRCE+VF+XE/cfSSOg6VuTOfh1pU2oxLKJu3XbyYzmSp9IjSZcW/UNcSRtMxM05MQ4/3AR5tUwp9PL4ExA==",
      "dependencies": {
        "@lezer/lr": "^0.15.0"
      }
    },
    "node_modules/@lezer/css": {
      "version": "0.15.2",
      "resolved": "https://registry.npmjs.org/@lezer/css/-/css-0.15.2.tgz",
      "integrity": "sha512-tnMOMZY0Zs6JQeVjqfmREYMV0GnmZR1NitndLWioZMD6mA7VQF/PPKPmJX1f+ZgVZQc5Am0df9mX3aiJnNJlKQ==",
      "dependencies": {
        "@lezer/lr": "^0.15.0"
      }
    },
    "node_modules/@lezer/html": {
      "version": "0.15.1",
      "resolved": "https://registry.npmjs.org/@lezer/html/-/html-0.15.1.tgz",
      "integrity": "sha512-0ZYVhu+RwN6ZMM0gNnTxenRAdoycKc2wvpLfMjP0JkKR0vMxhtuLaIpsq9KW2Mv6l7ux5vdjq8CQ7fKDvia8KA==",
      "dependencies": {
        "@lezer/lr": "^0.15.0"
      }
    },
    "node_modules/@lezer/javascript": {
      "version": "0.15.3",
      "resolved": "https://registry.npmjs.org/@lezer/javascript/-/javascript-0.15.3.tgz",
      "integrity": "sha512-8jA2NpOfpWwSPZxRhd9BxK2ZPvGd7nLE3LFTJ5AbMhXAzMHeMjneV6GEVd7dAIee85dtap0jdb6bgOSO0+lfwA==",
      "dependencies": {
        "@lezer/lr": "^0.15.0"
      }
    },
    "node_modules/@lezer/lr": {
      "version": "0.15.8",
      "resolved": "https://registry.npmjs.org/@lezer/lr/-/lr-0.15.8.tgz",
      "integrity": "sha512-bM6oE6VQZ6hIFxDNKk8bKPa14hqFrV07J/vHGOeiAbJReIaQXmkVb6xQu4MR+JBTLa5arGRyAAjJe1qaQt3Uvg==",
      "dependencies": {
        "@lezer/common": "^0.15.0"
      }
    },
    "node_modules/@lezer/markdown": {
      "version": "0.15.5",
      "resolved": "https://registry.npmjs.org/@lezer/markdown/-/markdown-0.15.5.tgz",
      "integrity": "sha512-ZWCZn1FTQFw70RZFmyWRKHsKYTw8OTPc1SmYWMf6xwz83SNd/MIlXcOoyLLwE3/THfUMmnnSjj2ozfPtqA3mFg==",
      "dependencies": {
        "@lezer/common": "^0.15.0"
      }
    },
    "node_modules/@lezer/python": {
      "version": "0.15.0",
      "resolved": "https://registry.npmjs.org/@lezer/python/-/python-0.15.0.tgz",
      "integrity": "sha512-KkbNfjLZCs/Ibx+3mekGu31qz+zCVkXHL+oNftRxB/lsINlz25SURR5z6wb94JpJt0yDFCEtn/2siAUybLOXiA==",
      "dependencies": {
        "@lezer/lr": "^0.15.0"
      }
    },
    "node_modules/crelt": {
      "version": "1.0.5",
      "resolved": "https://registry.npmjs.org/crelt/-/crelt-1.0.5.tgz",
      "integrity": "sha512-+BO9wPPi+DWTDcNYhr/W90myha8ptzftZT+LwcmUbbok0rcP/fequmFYCw8NMoH7pkAZQzU78b3kYrlua5a9eA=="
    },
    "node_modules/hctoolkit": {
      "version": "0.0.15",
      "resolved": "https://registry.npmjs.org/hctoolkit/-/hctoolkit-0.0.15.tgz",
      "integrity": "sha512-zP6Ht2DI/J2gWMbFJLiPYaCOey8lSQRy1Zs/TIcSzBq5hR37sDQI+Q+8ClbpTmo2bWTgn+okRTkylHgUvepnBQ==",
      "dependencies": {
        "@candlelib/log": "*",
        "@candlelib/paraffin": "*",
        "@candlelib/uri": "*",
        "@hctoolkit/asytrip": "0.0.9",
        "@hctoolkit/bytecode": "0.0.10",
        "@hctoolkit/common": "0.1.2",
        "@hctoolkit/grammar": "0.0.7",
        "@hctoolkit/tools": "0.0.7"
      },
      "bin": {
        "hc": "bin/index.js"
      }
    },
    "node_modules/style-mod": {
      "version": "4.0.0",
      "resolved": "https://registry.npmjs.org/style-mod/-/style-mod-4.0.0.tgz",
      "integrity": "sha512-OPhtyEjyyN9x3nhPsu76f52yUGXiZcgvsrFVtvTkyGRQJ0XK+GPc6ov1z+lRpbeabka+MYEQxOYRnt5nF30aMw=="
    },
    "node_modules/w3c-keyname": {
      "version": "2.2.4",
      "resolved": "https://registry.npmjs.org/w3c-keyname/-/w3c-keyname-2.2.4.tgz",
      "integrity": "sha512-tOhfEwEzFLJzf6d1ZPkYfGj+FWhIpBux9ppoP3rlclw3Z0BZv3N7b7030Z1kYth+6rDuAsXUFr+d0VE6Ed1ikw=="
    }
  },
  "dependencies": {
    "@candlelib/conflagrate": {
      "version": "0.5.8",
      "resolved": "http://192.168.18.12:49155/@candlelib%2fconflagrate/-/conflagrate-0.5.8.tgz",
      "integrity": "sha512-nR15LiXpat5IYo+wVkhs+7yuiPOsLLv0qRBl8f9iNDrl1PH22kOOCMvapga94xdkZubd+B2luWKEqB8tf18QyA==",
      "requires": {
        "@candlelib/hydrocarbon": "0.15.4",
        "@candlelib/log": "0.3.0",
        "@candlelib/uri": "0.3.2",
        "@candlelib/wind": "0.5.4"
      },
      "dependencies": {
        "@candlelib/log": {
          "version": "0.3.0",
          "resolved": "http://192.168.18.12:49155/@candlelib%2flog/-/log-0.3.0.tgz",
          "integrity": "sha512-O9FOPQdO13WC2Y9GuGPFxFNA2KMnOMyeZ9g9vb2HhQsHRMCBsVh78ZCU3MxRtMlpi+Rcizaf/NWub1JgRnLkAQ=="
        },
        "@candlelib/uri": {
          "version": "0.3.2",
          "resolved": "http://192.168.18.12:49155/@candlelib%2furi/-/uri-0.3.2.tgz",
          "integrity": "sha512-f9bu/LblDJ+mBIUwH6ersw2u7ff97smN5wCHBryXZLpKNwgkzveUbVTD+6gsXonhX+84Yf/mSe3ews6gr7nAYQ=="
        }
      }
    },
    "@candlelib/hydrocarbon": {
      "version": "0.15.4",
      "resolved": "http://192.168.18.12:49155/@candlelib%2fhydrocarbon/-/hydrocarbon-0.15.4.tgz",
      "integrity": "sha512-fJGCBtPqHpH4nX387QHX/PsWcxofpTR5pbAB418bdF+zWlZieEoMSrrfxPePo+Lx8hF0Q3VfLMb5JSwSvgeebg==",
      "requires": {
        "@candlelib/conflagrate": "0.5.8",
        "@candlelib/js": "0.5.24",
        "@candlelib/log": "0.3.0",
        "@candlelib/paraffin": "0.1.24",
        "@candlelib/uri": "0.3.2",
        "@candlelib/wind": "0.5.4"
      },
      "dependencies": {
        "@candlelib/log": {
          "version": "0.3.0",
          "resolved": "http://192.168.18.12:49155/@candlelib%2flog/-/log-0.3.0.tgz",
          "integrity": "sha512-O9FOPQdO13WC2Y9GuGPFxFNA2KMnOMyeZ9g9vb2HhQsHRMCBsVh78ZCU3MxRtMlpi+Rcizaf/NWub1JgRnLkAQ=="
        },
        "@candlelib/paraffin": {
          "version": "0.1.24",
          "resolved": "http://192.168.18.12:49155/@candlelib%2fparaffin/-/paraffin-0.1.24.tgz",
          "integrity": "sha512-Cgkiv9sBLBOp7cvCK5nqiyLYi4W1IRGu2GnPUpfgFOqlVDgZnYH6gDplt+amAr14HOYix28IljQTJ76xqFupHw==",
          "requires": {
            "@candlelib/hydrocarbon": "0.15.4",
            "@candlelib/log": "0.3.0",
            "@candlelib/uri": "0.3.2"
          }
        },
        "@candlelib/uri": {
          "version": "0.3.2",
          "resolved": "http://192.168.18.12:49155/@candlelib%2furi/-/uri-0.3.2.tgz",
          "integrity": "sha512-f9bu/LblDJ+mBIUwH6ersw2u7ff97smN5wCHBryXZLpKNwgkzveUbVTD+6gsXonhX+84Yf/mSe3ews6gr7nAYQ=="
        }
      }
    },
    "@candlelib/js": {
      "version": "0.5.24",
      "resolved": "http://192.168.18.12:49155/@candlelib%2fjs/-/js-0.5.24.tgz",
      "integrity": "sha512-qLd4GbmDlaTIKORrLfbFncd5kGrKuAHGFoU13n/mPSkRgBn3NfWkqTGISc3eVxckNIP1oxv4s8SDP5+YGZ/n9g==",
      "requires": {
        "@candlelib/conflagrate": "0.5.8",
        "@candlelib/hydrocarbon": "0.15.4",
        "@candlelib/uri": "0.3.2",
        "@candlelib/wind": "0.5.4"
      },
      "dependencies": {
        "@candlelib/uri": {
          "version": "0.3.2",
          "resolved": "http://192.168.18.12:49155/@candlelib%2furi/-/uri-0.3.2.tgz",
          "integrity": "sha512-f9bu/LblDJ+mBIUwH6ersw2u7ff97smN5wCHBryXZLpKNwgkzveUbVTD+6gsXonhX+84Yf/mSe3ews6gr7nAYQ=="
        }
      }
    },
    "@candlelib/log": {
      "version": "0.3.5",
      "resolved": "http://192.168.18.12:49155/@candlelib%2flog/-/log-0.3.5.tgz",
      "integrity": "sha512-hGrwCjo3fIqQorMVLLnVM0qJCWNEuVQjZnQKH/vBge/2hzcqnupcAEwTJZDoURhTYi+M9ZD3YvwDyNkuqTZwzA=="
    },
    "@candlelib/paraffin": {
      "version": "0.1.29",
      "resolved": "http://192.168.18.12:49155/@candlelib%2fparaffin/-/paraffin-0.1.29.tgz",
      "integrity": "sha512-oUEN/pucVxF1Gx1K/3ZtBEyW37OdNcqIUZGxYcHbpCZSP3T+dCzFbzh7TAImuu4huZCpzTcnzA+DNDvpdeDrzw==",
      "requires": {
        "@candlelib/hydrocarbon": "*",
        "@candlelib/log": "0.3.5",
        "@candlelib/uri": "0.3.7"
      }
    },
    "@candlelib/spark": {
      "version": "0.3.10",
      "resolved": "http://192.168.18.12:49155/@candlelib%2fspark/-/spark-0.3.10.tgz",
      "integrity": "sha512-snt+JcRKqBs8srivPZlYtNGO8NzM0lgWCR/oojypL2+dW2Awb5NBybONz10qOdXkV+3LhoeF62MsSx4jbbsMWQ=="
    },
    "@candlelib/uri": {
      "version": "0.3.7",
      "resolved": "http://192.168.18.12:49155/@candlelib%2furi/-/uri-0.3.7.tgz",
      "integrity": "sha512-wQ2a4wmLhf2euEFfvczawDaBFX+DJaaUWFeBBLdj+8XuYtkjHO6vhZPi60xXYEAWqv9/1aMtuOFTizBSQCTQyA=="
    },
    "@candlelib/wind": {
      "version": "0.5.4",
      "resolved": "http://192.168.18.12:49155/@candlelib%2fwind/-/wind-0.5.4.tgz",
      "integrity": "sha512-dLFmWIVWM715sFefBKOs5Vc9sz3MzgVWHkXzwjVP2VtgGQxG8a+nfOS1J0IfoL0l9bFbKntKXc9j79NPepwCaw=="
    },
    "@codemirror/autocomplete": {
      "version": "0.19.14",
      "resolved": "https://registry.npmjs.org/@codemirror/autocomplete/-/autocomplete-0.19.14.tgz",
      "integrity": "sha512-4PqJG7GGTePc+FQF387RFebDV4ERvKj23gQBmzNtu64ZSHlYEGulwP5EIIfulBiaWEmei9TYVaMFmTdNfofpRQ==",
      "requires": {
        "@codemirror/language": "^0.19.0",
        "@codemirror/state": "^0.19.4",
        "@codemirror/text": "^0.19.2",
        "@codemirror/tooltip": "^0.19.12",
        "@codemirror/view": "^0.19.0",
        "@lezer/common": "^0.15.0"
      }
    },
    "@codemirror/gutter": {
      "version": "0.19.9",
      "resolved": "https://registry.npmjs.org/@codemirror/gutter/-/gutter-0.19.9.tgz",
      "integrity": "sha512-PFrtmilahin1g6uL27aG5tM/rqR9DZzZYZsIrCXA5Uc2OFTFqx4owuhoU9hqfYxHp5ovfvBwQ+txFzqS4vog6Q==",
      "requires": {
        "@codemirror/rangeset": "^0.19.0",
        "@codemirror/state": "^0.19.0",
        "@codemirror/view": "^0.19.23"
      }
    },
    "@codemirror/highlight": {
      "version": "0.19.7",
      "resolved": "https://registry.npmjs.org/@codemirror/highlight/-/highlight-0.19.7.tgz",
      "integrity": "sha512-3W32hBCY0pbbv/xidismw+RDMKuIag+fo4kZIbD7WoRj+Ttcaxjf+vP6RttRHXLaaqbWh031lTeON8kMlDhMYw==",
      "requires": {
        "@codemirror/language": "^0.19.0",
        "@codemirror/rangeset": "^0.19.0",
        "@codemirror/state": "^0.19.3",
        "@codemirror/view": "^0.19.0",
        "@lezer/common": "^0.15.0",
        "style-mod": "^4.0.0"
      }
    },
    "@codemirror/lang-cpp": {
      "version": "0.19.1",
      "resolved": "https://registry.npmjs.org/@codemirror/lang-cpp/-/lang-cpp-0.19.1.tgz",
      "integrity": "sha512-BGvZkfcqcalAwxocuE9DhH6gqflm5IjL/8mGTzc8bHzeP1N4innK8qo2G69ohEML4LDZv4WyXc3y4C9/zsGCGQ==",
      "requires": {
        "@codemirror/highlight": "^0.19.0",
        "@codemirror/language": "^0.19.0",
        "@lezer/cpp": "^0.15.0"
      }
    },
    "@codemirror/lang-css": {
      "version": "0.19.3",
      "resolved": "https://registry.npmjs.org/@codemirror/lang-css/-/lang-css-0.19.3.tgz",
      "integrity": "sha512-tyCUJR42/UlfOPLb94/p7dN+IPsYSIzHbAHP2KQHANj0I+Orqp+IyIOS++M8TuCX4zkWh9dvi8s92yy/Tn8Ifg==",
      "requires": {
        "@codemirror/autocomplete": "^0.19.0",
        "@codemirror/highlight": "^0.19.6",
        "@codemirror/language": "^0.19.0",
        "@codemirror/state": "^0.19.0",
        "@lezer/css": "^0.15.2"
      }
    },
    "@codemirror/lang-html": {
      "version": "0.19.4",
      "resolved": "https://registry.npmjs.org/@codemirror/lang-html/-/lang-html-0.19.4.tgz",
      "integrity": "sha512-GpiEikNuCBeFnS+/TJSeanwqaOfNm8Kkp9WpVNEPZCLyW1mAMCuFJu/3xlWYeWc778Hc3vJqGn3bn+cLNubgCA==",
      "requires": {
        "@codemirror/autocomplete": "^0.19.0",
        "@codemirror/highlight": "^0.19.6",
        "@codemirror/lang-css": "^0.19.0",
        "@codemirror/lang-javascript": "^0.19.0",
        "@codemirror/language": "^0.19.0",
        "@codemirror/state": "^0.19.0",
        "@lezer/common": "^0.15.0",
        "@lezer/html": "^0.15.0"
      }
    },
    "@codemirror/lang-javascript": {
      "version": "0.19.7",
      "resolved": "https://registry.npmjs.org/@codemirror/lang-javascript/-/lang-javascript-0.19.7.tgz",
      "integrity": "sha512-DL9f3JLqOEHH9cIwEqqjnP5bkjdVXeECksLtV+/MbPm+l4H+AG+PkwZaJQ2oR1GfPZKh8MVSIE94aGWNkJP8WQ==",
      "requires": {
        "@codemirror/autocomplete": "^0.19.0",
        "@codemirror/highlight": "^0.19.7",
        "@codemirror/language": "^0.19.0",
        "@codemirror/lint": "^0.19.0",
        "@codemirror/state": "^0.19.0",
        "@codemirror/view": "^0.19.0",
        "@lezer/javascript": "^0.15.1"
      }
    },
    "@codemirror/lang-markdown": {
      "version": "0.19.6",
      "resolved": "https://registry.npmjs.org/@codemirror/lang-markdown/-/lang-markdown-0.19.6.tgz",
      "integrity": "sha512-ojoHeLgv1Rfu0GNGsU0bCtXAIp5dy4VKjndHScITQdlCkS/+SAIfuoeowEx+nMAQwTxI+/9fQZ3xdZVznGFYug==",
      "requires": {
        "@codemirror/highlight": "^0.19.0",
        "@codemirror/lang-html": "^0.19.0",
        "@codemirror/language": "^0.19.0",
        "@codemirror/state": "^0.19.3",
        "@codemirror/view": "^0.19.0",
        "@lezer/common": "^0.15.0",
        "@lezer/markdown": "^0.15.0"
      }
    },
    "@codemirror/lang-python": {
      "version": "0.19.4",
      "resolved": "https://registry.npmjs.org/@codemirror/lang-python/-/lang-python-0.19.4.tgz",
      "integrity": "sha512-eSH1JXbf0D30y+f3nWy/+bTLAIV8RmcQbbVD8DsBxkxOHMVKcILgxFRHCovba8YEMtmq45I1DoWcNt1CeKnrYQ==",
      "requires": {
        "@codemirror/highlight": "^0.19.7",
        "@codemirror/language": "^0.19.0",
        "@lezer/python": "^0.15.0"
      }
    },
    "@codemirror/language": {
      "version": "0.19.8",
      "resolved": "https://registry.npmjs.org/@codemirror/language/-/language-0.19.8.tgz",
      "integrity": "sha512-KhRne8qmzSKkaw+qhkwgNsPKxmThlyeJ3umfc33B9kJzVP7xhTkwX2MEPl0almM3brxMi+lPYx7gCPOy1gHsWw==",
      "requires": {
        "@codemirror/state": "^0.19.0",
        "@codemirror/text": "^0.19.0",
        "@codemirror/view": "^0.19.0",
        "@lezer/common": "^0.15.5",
        "@lezer/lr": "^0.15.0"
      }
    },
    "@codemirror/lint": {
      "version": "0.19.6",
      "resolved": "https://registry.npmjs.org/@codemirror/lint/-/lint-0.19.6.tgz",
      "integrity": "sha512-Pbw1Y5kHVs2J+itQ0uez3dI4qY9ApYVap7eNfV81x1/3/BXgBkKfadaw0gqJ4h4FDG7OnJwb0VbPsjJQllHjaA==",
      "requires": {
        "@codemirror/gutter": "^0.19.4",
        "@codemirror/panel": "^0.19.0",
        "@codemirror/rangeset": "^0.19.1",
        "@codemirror/state": "^0.19.4",
        "@codemirror/tooltip": "^0.19.16",
        "@codemirror/view": "^0.19.22",
        "crelt": "^1.0.5"
      }
    },
    "@codemirror/panel": {
      "version": "0.19.1",
      "resolved": "https://registry.npmjs.org/@codemirror/panel/-/panel-0.19.1.tgz",
      "integrity": "sha512-sYeOCMA3KRYxZYJYn5PNlt9yNsjy3zTNTrbYSfVgjgL9QomIVgOJWPO5hZ2sTN8lufO6lw0vTBsIPL9MSidmBg==",
      "requires": {
        "@codemirror/state": "^0.19.0",
        "@codemirror/view": "^0.19.0"
      }
    },
    "@codemirror/rangeset": {
      "version": "0.19.9",
      "resolved": "https://registry.npmjs.org/@codemirror/rangeset/-/rangeset-0.19.9.tgz",
      "integrity": "sha512-V8YUuOvK+ew87Xem+71nKcqu1SXd5QROMRLMS/ljT5/3MCxtgrRie1Cvild0G/Z2f1fpWxzX78V0U4jjXBorBQ==",
      "requires": {
        "@codemirror/state": "^0.19.0"
      }
    },
    "@codemirror/state": {
      "version": "0.19.9",
      "resolved": "https://registry.npmjs.org/@codemirror/state/-/state-0.19.9.tgz",
      "integrity": "sha512-psOzDolKTZkx4CgUqhBQ8T8gBc0xN5z4gzed109aF6x7D7umpDRoimacI/O6d9UGuyl4eYuDCZmDFr2Rq7aGOw==",
      "requires": {
        "@codemirror/text": "^0.19.0"
      }
    },
    "@codemirror/text": {
      "version": "0.19.6",
      "resolved": "https://registry.npmjs.org/@codemirror/text/-/text-0.19.6.tgz",
      "integrity": "sha512-T9jnREMIygx+TPC1bOuepz18maGq/92q2a+n4qTqObKwvNMg+8cMTslb8yxeEDEq7S3kpgGWxgO1UWbQRij0dA=="
    },
    "@codemirror/tooltip": {
      "version": "0.19.16",
      "resolved": "https://registry.npmjs.org/@codemirror/tooltip/-/tooltip-0.19.16.tgz",
      "integrity": "sha512-zxKDHryUV5/RS45AQL+wOeN+i7/l81wK56OMnUPoTSzCWNITfxHn7BToDsjtrRKbzHqUxKYmBnn/4hPjpZ4WJQ==",
      "requires": {
        "@codemirror/state": "^0.19.0",
        "@codemirror/view": "^0.19.0"
      }
    },
    "@codemirror/view": {
      "version": "0.19.47",
      "resolved": "https://registry.npmjs.org/@codemirror/view/-/view-0.19.47.tgz",
      "integrity": "sha512-SfbagKvJQl5dtt+9wYpo9sa3ZkMgUxTq+/hXDf0KVwIx+zu3cJIqfEm9xSx6yXkq7it7RsPGHaPasApNffF/8g==",
      "requires": {
        "@codemirror/rangeset": "^0.19.5",
        "@codemirror/state": "^0.19.3",
        "@codemirror/text": "^0.19.0",
        "style-mod": "^4.0.0",
        "w3c-keyname": "^2.2.4"
      }
    },
    "@hctoolkit/asytrip": {
      "version": "0.0.9",
      "resolved": "http://192.168.18.12:49155/@hctoolkit%2fasytrip/-/asytrip-0.0.9.tgz",
      "integrity": "sha512-ms/Kxd/LsZDp//cmEMNOqM97B4Lts3GKG83blgEuL5dTxLZVDfjO8rWyqTL5z6s5hCU5f0LjvQkOgE9qKNCUjg==",
      "requires": {
        "@candlelib/log": "*",
        "@candlelib/paraffin": "*",
        "@candlelib/uri": "*",
        "@hctoolkit/common": "0.1.2",
        "@hctoolkit/grammar": "0.0.7"
      }
    },
    "@hctoolkit/bytecode": {
      "version": "0.0.10",
      "resolved": "http://192.168.18.12:49155/@hctoolkit%2fbytecode/-/bytecode-0.0.10.tgz",
      "integrity": "sha512-giMBJh7fzuZNsrSmLYyJ4T9/QyKnngUTdtpSj1MM+g1lE414/Qv/mkGnONANIU+bHGiaJJqwRMpaVWZ52PIk1Q==",
      "requires": {
        "@candlelib/log": "*",
        "@candlelib/paraffin": "*",
        "@candlelib/spark": "*",
        "@candlelib/uri": "*",
        "@hctoolkit/common": "0.1.2"
      }
    },
    "@hctoolkit/common": {
      "version": "0.1.2",
      "resolved": "http://192.168.18.12:49155/@hctoolkit%2fcommon/-/common-0.1.2.tgz",
      "integrity": "sha512-v4KJdQc44F13IVE5ko8F/o5pA/GL7Kbp4RYiho1N8nw30LBj1X2zyCmBcqavQkPEZ87B5HjXDskmPPC22l2sSQ==",
      "requires": {
        "@candlelib/log": "*",
        "@candlelib/uri": "*"
      }
    },
    "@hctoolkit/grammar": {
      "version": "0.0.7",
      "resolved": "http://192.168.18.12:49155/@hctoolkit%2fgrammar/-/grammar-0.0.7.tgz",
      "integrity": "sha512-uH2Xu8NLPjwWyn8Fic2WDPjW1dEr4HsAsYhpIoR++45THPOTf7m5VxAkZBA9AeZ4dMkqlg7eo8+RtDlrByl5Hg==",
      "requires": {
        "@candlelib/hydrocarbon": "*",
        "@candlelib/log": "*",
        "@candlelib/paraffin": "*",
        "@candlelib/uri": "*",
        "@hctoolkit/common": "0.1.2"
      }
    },
    "@hctoolkit/tools": {
      "version": "0.0.7",
      "resolved": "http://192.168.18.12:49155/@hctoolkit%2ftools/-/tools-0.0.7.tgz",
      "integrity": "sha512-VX6wQYRpy3noM/3cHFi3nJf2EcPdsfnSP1ha5pzKzut5a75YdOvx1k22sGQN0xUuoVuF/Vb1y3YfWeFFe71vIQ==",
      "requires": {
        "@candlelib/log": "*",
        "@candlelib/paraffin": "*",
        "@candlelib/uri": "*",
        "@hctoolkit/common": "0.1.2"
      }
    },
    "@lezer/common": {
      "version": "0.15.11",
      "resolved": "https://registry.npmjs.org/@lezer/common/-/common-0.15.11.tgz",
      "integrity": "sha512-vv0nSdIaVCRcJ8rPuDdsrNVfBOYe/4Szr/LhF929XyDmBndLDuWiCCHooGlGlJfzELyO608AyDhVsuX/ZG36NA=="
    },
    "@lezer/cpp": {
      "version": "0.15.2",
      "resolved": "https://registry.npmjs.org/@lezer/cpp/-/cpp-0.15.2.tgz",
      "integrity": "sha512-4Ve5LIRCE+VF+XE/cfSSOg6VuTOfh1pU2oxLKJu3XbyYzmSp9IjSZcW/UNcSRtMxM05MQ4/3AR5tUwp9PL4ExA==",
      "requires": {
        "@lezer/lr": "^0.15.0"
      }
    },
    "@lezer/css": {
      "version": "0.15.2",
      "resolved": "https://registry.npmjs.org/@lezer/css/-/css-0.15.2.tgz",
      "integrity": "sha512-tnMOMZY0Zs6JQeVjqfmREYMV0GnmZR1NitndLWioZMD6mA7VQF/PPKPmJX1f+ZgVZQc5Am0df9mX3aiJnNJlKQ==",
      "requires": {
        "@lezer/lr": "^0.15.0"
      }
    },
    "@lezer/html": {
      "version": "0.15.1",
      "resolved": "https://registry.npmjs.org/@lezer/html/-/html-0.15.1.tgz",
      "integrity": "sha512-0ZYVhu+RwN6ZMM0gNnTxenRAdoycKc2wvpLfMjP0JkKR0vMxhtuLaIpsq9KW2Mv6l7ux5vdjq8CQ7fKDvia8KA==",
      "requires": {
        "@lezer/lr": "^0.15.0"
      }
    },
    "@lezer/javascript": {
      "version": "0.15.3",
      "resolved": "https://registry.npmjs.org/@lezer/javascript/-/javascript-0.15.3.tgz",
      "integrity": "sha512-8jA2NpOfpWwSPZxRhd9BxK2ZPvGd7nLE3LFTJ5AbMhXAzMHeMjneV6GEVd7dAIee85dtap0jdb6bgOSO0+lfwA==",
      "requires": {
        "@lezer/lr": "^0.15.0"
      }
    },
    "@lezer/lr": {
      "version": "0.15.8",
      "resolved": "https://registry.npmjs.org/@lezer/lr/-/lr-0.15.8.tgz",
      "integrity": "sha512-bM6oE6VQZ6hIFxDNKk8bKPa14hqFrV07J/vHGOeiAbJReIaQXmkVb6xQu4MR+JBTLa5arGRyAAjJe1qaQt3Uvg==",
      "requires": {
        "@lezer/common": "^0.15.0"
      }
    },
    "@lezer/markdown": {
      "version": "0.15.5",
      "resolved": "https://registry.npmjs.org/@lezer/markdown/-/markdown-0.15.5.tgz",
      "integrity": "sha512-ZWCZn1FTQFw70RZFmyWRKHsKYTw8OTPc1SmYWMf6xwz83SNd/MIlXcOoyLLwE3/THfUMmnnSjj2ozfPtqA3mFg==",
      "requires": {
        "@lezer/common": "^0.15.0"
      }
    },
    "@lezer/python": {
      "version": "0.15.0",
      "resolved": "https://registry.npmjs.org/@lezer/python/-/python-0.15.0.tgz",
      "integrity": "sha512-KkbNfjLZCs/Ibx+3mekGu31qz+zCVkXHL+oNftRxB/lsINlz25SURR5z6wb94JpJt0yDFCEtn/2siAUybLOXiA==",
      "requires": {
        "@lezer/lr": "^0.15.0"
      }
    },
    "crelt": {
      "version": "1.0.5",
      "resolved": "https://registry.npmjs.org/crelt/-/crelt-1.0.5.tgz",
      "integrity": "sha512-+BO9wPPi+DWTDcNYhr/W90myha8ptzftZT+LwcmUbbok0rcP/fequmFYCw8NMoH7pkAZQzU78b3kYrlua5a9eA=="
    },
    "hctoolkit": {
      "version": "0.0.15",
      "resolved": "https://registry.npmjs.org/hctoolkit/-/hctoolkit-0.0.15.tgz",
      "integrity": "sha512-zP6Ht2DI/J2gWMbFJLiPYaCOey8lSQRy1Zs/TIcSzBq5hR37sDQI+Q+8ClbpTmo2bWTgn+okRTkylHgUvepnBQ==",
      "requires": {
        "@candlelib/log": "*",
        "@candlelib/paraffin": "*",
        "@candlelib/uri": "*",
        "@hctoolkit/asytrip": "0.0.9",
        "@hctoolkit/bytecode": "0.0.10",
        "@hctoolkit/common": "0.1.2",
        "@hctoolkit/grammar": "0.0.7",
        "@hctoolkit/tools": "0.0.7"
      }
    },
    "style-mod": {
      "version": "4.0.0",
      "resolved": "https://registry.npmjs.org/style-mod/-/style-mod-4.0.0.tgz",
      "integrity": "sha512-OPhtyEjyyN9x3nhPsu76f52yUGXiZcgvsrFVtvTkyGRQJ0XK+GPc6ov1z+lRpbeabka+MYEQxOYRnt5nF30aMw=="
    },
    "w3c-keyname": {
      "version": "2.2.4",
      "resolved": "https://registry.npmjs.org/w3c-keyname/-/w3c-keyname-2.2.4.tgz",
      "integrity": "sha512-tOhfEwEzFLJzf6d1ZPkYfGj+FWhIpBux9ppoP3rlclw3Z0BZv3N7b7030Z1kYth+6rDuAsXUFr+d0VE6Ed1ikw=="
    }
  }
}
